lockfileVersion: '9.0'

settings:
  autoInstallPeers: true
  excludeLinksFromLockfile: false

importers:

  .:
    dependencies:
      markdown-it:
        specifier: ^15.0.0
        version: 15.0.0

packages:

  argparse@3.0.0:
    resolution: {integrity: sha512-BOp5NMrHqKxmq/OLr+clzzrRxgOKSLkcjmkWuChp7Irqwn4s74WjOBPIgWfA/HMcBnVkZ5XEuf9uUqzlpfCQ6A==}

  entities@8.0.0:
    resolution: {integrity: sha512-zwfzJecQ/Uej6tusMqwAqU/6KL2XaB2VZ2Jg54Je6ahNBGNH6Ek6g3jjNCF0fG9EWQKGZNddNjU5F1ZQn/sBnA==}
    engines: {node: '>=20.19.0'}

  linkify-it@6.1.0:
    resolution: {integrity: sha512-wJ/TwpSDTLepCrQoYWYIExIKg5Zchex2Nn5yk2mFnB+6PtdkHtyLx742md9csRjjOnGkKIS/RrbY7l8D6gT9Vw==}

  markdown-it@15.0.0:
    resolution: {integrity: sha512-Lf8ajvVNdRpzSNB4VegxNy7gjs8gU35l4b4+ET49LrQC5PKYwLZ72u60LeJ9gv3qiaesuYjJWCyVeQmv/QWKQw==}
    hasBin: true

  mdurl@2.1.0:
    resolution: {integrity: sha512-1+HBaOx0zi/dQWht8rNv9MYf9qqpqL/kxI0hXImU6Y547zM6Sni8BQibt7ifgMcYtQg41ao3Ivd6cnSM86inpg==}

  punycode.js@2.3.1:
    resolution: {integrity: sha512-uxFIHU0YlHYhDQtV4R9J6a52SLx28BCjT+4ieh7IGbgwVJWO+km431c4yRlREUAsAmt/uMjQUyQHNEPf0M39CA==}
    engines: {node: '>=6'}

  uc.micro@3.0.0:
    resolution: {integrity: sha512-U3PppEkleoTnIfi8BozMx3yju3qc/L6SwqWo2Sw+54PX+PX0q9I+r1Um5HCmqD7n9VDX5/v3vQH/AjA6deDdtw==}

snapshots:

  argparse@3.0.0: {}

  entities@8.0.0: {}

  linkify-it@6.1.0:
    dependencies:
      uc.micro: 3.0.0

  markdown-it@15.0.0:
    dependencies:
      argparse: 3.0.0
      entities: 8.0.0
      linkify-it: 6.1.0
      mdurl: 2.1.0
      punycode.js: 2.3.1
      uc.micro: 3.0.0

  mdurl@2.1.0: {}

  punycode.js@2.3.1: {}

  uc.micro@3.0.0: {}
